
Microsoft Visual Studio Solution File, Format Version 12.00
# Visual Studio Version 16
VisualStudioVersion = 16.0.31613.86
MinimumVisualStudioVersion = 10.0.40219.1
Project("{FAE04EC0-301F-11D3-BF4B-00C04F79EFBC}") = "Order Management System", "Order Management System\Order Management System.csproj", "{140C497D-4CEF-484F-9600-84AC36388F50}"
EndProject
Project("{FAE04EC0-301F-11D3-BF4B-00C04F79EFBC}") = "AbstractClass", "AbstractClass\AbstractClass.csproj", "{31F784BE-72C3-4E51-BEB5-0AB5240E4C0E}"
EndProject
Project("{FAE04EC0-301F-11D3-BF4B-00C04F79EFBC}") = "RestruantManager", "RestaurantManager\RestruantManager.csproj", "{7B3E4864-23E5-4E88-B6A8-031B4F93C828}"
EndProject
Global
	GlobalSection(SolutionConfigurationPlatforms) = preSolution
		Debug|Any CPU = Debug|Any CPU
		Release|Any CPU = Release|Any CPU
	EndGlobalSection
	GlobalSection(ProjectConfigurationPlatforms) = postSolution
		{140C497D-4CEF-484F-9600-84AC36388F50}.Debug|Any CPU.ActiveCfg = Debug|Any CPU
		{140C497D-4CEF-484F-9600-84AC36388F50}.Debug|Any CPU.Build.0 = Debug|Any CPU
		{140C497D-4CEF-484F-9600-84AC36388F50}.Release|Any CPU.ActiveCfg = Release|Any CPU
		{140C497D-4CEF-484F-9600-84AC36388F50}.Release|Any CPU.Build.0 = Release|Any CPU
		{31F784BE-72C3-4E51-BEB5-0AB5240E4C0E}.Debug|Any CPU.ActiveCfg = Debug|Any CPU
		{31F784BE-72C3-4E51-BEB5-0AB5240E4C0E}.Debug|Any CPU.Build.0 = Debug|Any CPU
		{31F784BE-72C3-4E51-BEB5-0AB5240E4C0E}.Release|Any CPU.ActiveCfg = Release|Any CPU
		{31F784BE-72C3-4E51-BEB5-0AB5240E4C0E}.Release|Any CPU.Build.0 = Release|Any CPU
		{7B3E4864-23E5-4E88-B6A8-031B4F93C828}.Debug|Any CPU.ActiveCfg = Debug|Any CPU
		{7B3E4864-23E5-4E88-B6A8-031B4F93C828}.Debug|Any CPU.Build.0 = Debug|Any CPU
		{7B3E4864-23E5-4E88-B6A8-031B4F93C828}.Release|Any CPU.ActiveCfg = Release|Any CPU
		{7B3E4864-23E5-4E88-B6A8-031B4F93C828}.Release|Any CPU.Build.0 = Release|Any CPU
	EndGlobalSection
	GlobalSection(SolutionProperties) = preSolution
		HideSolutionNode = FALSE
	EndGlobalSection
	GlobalSection(ExtensibilityGlobals) = postSolution
		SolutionGuid = {D710BE25-25EE-4698-B014-F978B2A86D70}
	EndGlobalSection
EndGlobal
